
Microsoft Visual Studio Solution File, Format Version 12.00
# Visual Studio Version 16
VisualStudioVersion = 16.0.29728.190
MinimumVisualStudioVersion = 10.0.40219.1
Project("{9A19103F-16F7-4668-BE54-9A1E7A4F7556}") = "WebAPI", "WebAPI\WebAPI.csproj", "{19408A33-CAE3-4217-9E0D-93AF90D6E108}"
EndProject
Project("{9A19103F-16F7-4668-BE54-9A1E7A4F7556}") = "Entities", "Entities\Entities.csproj", "{D7487F05-255F-4205-859F-889D6FCB8B1A}"
EndProject
Project("{9A19103F-16F7-4668-BE54-9A1E7A4F7556}") = "Core", "Core\Core.csproj", "{68224609-A52B-4B1C-B3B3-6612C437D29E}"
EndProject
Project("{9A19103F-16F7-4668-BE54-9A1E7A4F7556}") = "Business", "Business\Business.csproj", "{A7CC2687-7562-487D-8850-80A9B52D916A}"
EndProject
Project("{FAE04EC0-301F-11D3-BF4B-00C04F79EFBC}") = "DataAccess", "DataAccess\DataAccess.csproj", "{F618B4EA-2AE9-4E9F-9D52-46948FB8DC80}"
EndProject
Global
	GlobalSection(SolutionConfigurationPlatforms) = preSolution
		Debug|Any CPU = Debug|Any CPU
		Release|Any CPU = Release|Any CPU
	EndGlobalSection
	GlobalSection(ProjectConfigurationPlatforms) = postSolution
		{19408A33-CAE3-4217-9E0D-93AF90D6E108}.Debug|Any CPU.ActiveCfg = Debug|Any CPU
		{19408A33-CAE3-4217-9E0D-93AF90D6E108}.Debug|Any CPU.Build.0 = Debug|Any CPU
		{19408A33-CAE3-4217-9E0D-93AF90D6E108}.Release|Any CPU.ActiveCfg = Release|Any CPU
		{19408A33-CAE3-4217-9E0D-93AF90D6E108}.Release|Any CPU.Build.0 = Release|Any CPU
		{D7487F05-255F-4205-859F-889D6FCB8B1A}.Debug|Any CPU.ActiveCfg = Debug|Any CPU
		{D7487F05-255F-4205-859F-889D6FCB8B1A}.Debug|Any CPU.Build.0 = Debug|Any CPU
		{D7487F05-255F-4205-859F-889D6FCB8B1A}.Release|Any CPU.ActiveCfg = Release|Any CPU
		{D7487F05-255F-4205-859F-889D6FCB8B1A}.Release|Any CPU.Build.0 = Release|Any CPU
		{68224609-A52B-4B1C-B3B3-6612C437D29E}.Debug|Any CPU.ActiveCfg = Debug|Any CPU
		{68224609-A52B-4B1C-B3B3-6612C437D29E}.Debug|Any CPU.Build.0 = Debug|Any CPU
		{68224609-A52B-4B1C-B3B3-6612C437D29E}.Release|Any CPU.ActiveCfg = Release|Any CPU
		{68224609-A52B-4B1C-B3B3-6612C437D29E}.Release|Any CPU.Build.0 = Release|Any CPU
		{A7CC2687-7562-487D-8850-80A9B52D916A}.Debug|Any CPU.ActiveCfg = Debug|Any CPU
		{A7CC2687-7562-487D-8850-80A9B52D916A}.Debug|Any CPU.Build.0 = Debug|Any CPU
		{A7CC2687-7562-487D-8850-80A9B52D916A}.Release|Any CPU.ActiveCfg = Release|Any CPU
		{A7CC2687-7562-487D-8850-80A9B52D916A}.Release|Any CPU.Build.0 = Release|Any CPU
		{F618B4EA-2AE9-4E9F-9D52-46948FB8DC80}.Debug|Any CPU.ActiveCfg = Debug|Any CPU
		{F618B4EA-2AE9-4E9F-9D52-46948FB8DC80}.Debug|Any CPU.Build.0 = Debug|Any CPU
		{F618B4EA-2AE9-4E9F-9D52-46948FB8DC80}.Release|Any CPU.ActiveCfg = Release|Any CPU
		{F618B4EA-2AE9-4E9F-9D52-46948FB8DC80}.Release|Any CPU.Build.0 = Release|Any CPU
	EndGlobalSection
	GlobalSection(SolutionProperties) = preSolution
		HideSolutionNode = FALSE
	EndGlobalSection
	GlobalSection(ExtensibilityGlobals) = postSolution
		SolutionGuid = {DAC40857-3756-4532-B560-833F22D0FD6C}
	EndGlobalSection
EndGlobal
